
Microsoft Visual Studio Solution File, Format Version 12.00
# Visual Studio Version 17
VisualStudioVersion = 17.3.32901.215
MinimumVisualStudioVersion = 10.0.40219.1
Project("{FAE04EC0-301F-11D3-BF4B-00C04F79EFBC}") = "Core", "Core.csproj", "{33D5EFC1-BB4E-4C86-8DFE-1B6A8ACE5B4C}"
EndProject
Project("{FAE04EC0-301F-11D3-BF4B-00C04F79EFBC}") = "namespace", "..\namespace\namespace.csproj", "{CE9032E8-5135-4847-9705-867281D1A9CF}"
EndProject
Global
	GlobalSection(SolutionConfigurationPlatforms) = preSolution
		Debug|Any CPU = Debug|Any CPU
		Release|Any CPU = Release|Any CPU
	EndGlobalSection
	GlobalSection(ProjectConfigurationPlatforms) = postSolution
		{33D5EFC1-BB4E-4C86-8DFE-1B6A8ACE5B4C}.Debug|Any CPU.ActiveCfg = Debug|Any CPU
		{33D5EFC1-BB4E-4C86-8DFE-1B6A8ACE5B4C}.Debug|Any CPU.Build.0 = Debug|Any CPU
		{33D5EFC1-BB4E-4C86-8DFE-1B6A8ACE5B4C}.Release|Any CPU.ActiveCfg = Release|Any CPU
		{33D5EFC1-BB4E-4C86-8DFE-1B6A8ACE5B4C}.Release|Any CPU.Build.0 = Release|Any CPU
		{CE9032E8-5135-4847-9705-867281D1A9CF}.Debug|Any CPU.ActiveCfg = Debug|Any CPU
		{CE9032E8-5135-4847-9705-867281D1A9CF}.Debug|Any CPU.Build.0 = Debug|Any CPU
		{CE9032E8-5135-4847-9705-867281D1A9CF}.Release|Any CPU.ActiveCfg = Release|Any CPU
		{CE9032E8-5135-4847-9705-867281D1A9CF}.Release|Any CPU.Build.0 = Release|Any CPU
	EndGlobalSection
	GlobalSection(SolutionProperties) = preSolution
		HideSolutionNode = FALSE
	EndGlobalSection
	GlobalSection(ExtensibilityGlobals) = postSolution
		SolutionGuid = {9ADD5C9A-D595-4388-800F-C8090535CF75}
	EndGlobalSection
EndGlobal
